<?xml version="1.0" encoding="utf-8"?>
<Project ToolsVersion="4.0" xmlns="http://schemas.microsoft.com/developer/msbuild/2003">
  <ItemGroup>
    <Filter Include="Source Files">
      <UniqueIdentifier>{4FC737F1-C7A5-4376-A066-2A32D752A2FF}</UniqueIdentifier>
    </Filter>
    <Filter Include="Resource Files">
      <UniqueIdentifier>{67DA6AB6-F800-4c08-8B7A-83BB121AAD01}</UniqueIdentifier>
    </Filter>
  </ItemGroup>
  <ItemGroup>
    <ClCompile Include="src\camera.cpp">
      <Filter>Source Files</Filter>
    </ClCompile>
    <ClCompile Include="src\chunk.cpp">
      <Filter>Source Files</Filter>
    </ClCompile>
    <ClCompile Include="src\light.cpp">
      <Filter>Source Files</Filter>
    </ClCompile>
    <ClCompile Include="src\main.cpp">
      <Filter>Source Files</Filter>
    </ClCompile>
    <ClCompile Include="src\mesh.cpp">
      <Filter>Source Files</Filter>
    </ClCompile>
    <ClCompile Include="src\perlin_noise.cpp">
      <Filter>Source Files</Filter>
    </ClCompile>
    <ClCompile Include="src\shader.cpp">
      <Filter>Source Files</Filter>
    </ClCompile>
    <ClCompile Include="src\window.cpp">
      <Filter>Source Files</Filter>
    </ClCompile>
    <ClCompile Include="src\glad.c">
      <Filter>Source Files</Filter>
    </ClCompile>
  </ItemGroup>
  <ItemGroup>
    <ClInclude Include="src\camera.h">
      <Filter>Source Files</Filter>
    </ClInclude>
    <ClInclude Include="src\chunk.h">
      <Filter>Source Files</Filter>
    </ClInclude>
    <ClInclude Include="src\light.h">
      <Filter>Source Files</Filter>
    </ClInclude>
    <ClInclude Include="src\mesh.h">
      <Filter>Source Files</Filter>
    </ClInclude>
    <ClInclude Include="src\perlin_noise.h">
      <Filter>Source Files</Filter>
    </ClInclude>
    <ClInclude Include="src\shader.h">
      <Filter>Source Files</Filter>
    </ClInclude>
    <ClInclude Include="src\window.h">
      <Filter>Source Files</Filter>
    </ClInclude>
  </ItemGroup>
  <ItemGroup>
    <None Include="res\defaultFragmentShader.fs">
      <Filter>Resource Files</Filter>
    </None>
    <None Include="res\defaultVertexShader.vs">
      <Filter>Resource Files</Filter>
    </None>
  </ItemGroup>
</Project>